
Microsoft Visual Studio Solution File, Format Version 12.00
# Visual Studio Version 16
VisualStudioVersion = 16.0.29613.14
MinimumVisualStudioVersion = 10.0.40219.1
Project("{FAE04EC0-301F-11D3-BF4B-00C04F79EFBC}") = "RNADemo", "RNADemo.csproj", "{D7E0A5B3-07C5-4F50-B94D-4EB2A893D2DD}"
EndProject
Project("{54435603-DBB4-11D2-8724-00A0C9A8B90C}") = "InstaladorRNADemo", "..\InstaladorRNADemo\InstaladorRNADemo.vdproj", "{F1A1B521-131C-499F-984D-F81267E86E53}"
EndProject
Global
	GlobalSection(SolutionConfigurationPlatforms) = preSolution
		Debug|Any CPU = Debug|Any CPU
		Release|Any CPU = Release|Any CPU
	EndGlobalSection
	GlobalSection(ProjectConfigurationPlatforms) = postSolution
		{D7E0A5B3-07C5-4F50-B94D-4EB2A893D2DD}.Debug|Any CPU.ActiveCfg = Debug|Any CPU
		{D7E0A5B3-07C5-4F50-B94D-4EB2A893D2DD}.Debug|Any CPU.Build.0 = Debug|Any CPU
		{D7E0A5B3-07C5-4F50-B94D-4EB2A893D2DD}.Release|Any CPU.ActiveCfg = Release|Any CPU
		{D7E0A5B3-07C5-4F50-B94D-4EB2A893D2DD}.Release|Any CPU.Build.0 = Release|Any CPU
		{F1A1B521-131C-499F-984D-F81267E86E53}.Debug|Any CPU.ActiveCfg = Debug
		{F1A1B521-131C-499F-984D-F81267E86E53}.Release|Any CPU.ActiveCfg = Release
	EndGlobalSection
	GlobalSection(SolutionProperties) = preSolution
		HideSolutionNode = FALSE
	EndGlobalSection
	GlobalSection(ExtensibilityGlobals) = postSolution
		SolutionGuid = {E29FEBD3-C8B5-4001-A6A4-F9769FE82A21}
	EndGlobalSection
EndGlobal
